
Microsoft Visual Studio Solution File, Format Version 12.00
# Visual Studio 2012
Project("{FAE04EC0-301F-11D3-BF4B-00C04F79EFBC}") = "TwitchBotListener", "TwitchBotListener\TwitchBotListener.csproj", "{6446B610-CFCC-41D2-87EB-D077F3C1AFA8}"
EndProject
Global
	GlobalSection(SolutionConfigurationPlatforms) = preSolution
		Debug|Any CPU = Debug|Any CPU
		Release|Any CPU = Release|Any CPU
	EndGlobalSection
	GlobalSection(ProjectConfigurationPlatforms) = postSolution
		{6446B610-CFCC-41D2-87EB-D077F3C1AFA8}.Debug|Any CPU.ActiveCfg = Debug|Any CPU
		{6446B610-CFCC-41D2-87EB-D077F3C1AFA8}.Debug|Any CPU.Build.0 = Debug|Any CPU
		{6446B610-CFCC-41D2-87EB-D077F3C1AFA8}.Release|Any CPU.ActiveCfg = Release|Any CPU
		{6446B610-CFCC-41D2-87EB-D077F3C1AFA8}.Release|Any CPU.Build.0 = Release|Any CPU
	EndGlobalSection
	GlobalSection(SolutionProperties) = preSolution
		HideSolutionNode = FALSE
	EndGlobalSection
EndGlobal
